<?xml version="1.0" encoding="utf-8"?>
<Project ToolsVersion="4.0" xmlns="http://schemas.microsoft.com/developer/msbuild/2003">
  <ItemGroup>
    <Filter Include="Source Files">
      <UniqueIdentifier>{01d40937-cf21-4523-9c77-c2b3a881a643}</UniqueIdentifier>
      <Extensions>cpp;c;cxx;rc;def;r;odl;idl;hpj;bat</Extensions>
    </Filter>
    <Filter Include="Header Files">
      <UniqueIdentifier>{57c6bae5-083e-440b-b60e-9d760098c45a}</UniqueIdentifier>
      <Extensions>h;hpp;hxx;hm;inl</Extensions>
    </Filter>
    <Filter Include="Resource Files">
      <UniqueIdentifier>{2312e7df-f9ab-4c29-b81e-74ff6cedd627}</UniqueIdentifier>
      <Extensions>ico;cur;bmp;dlg;rc2;rct;bin;rgs;gif;jpg;jpeg;jpe</Extensions>
    </Filter>
  </ItemGroup>
  <ItemGroup>
    <ClCompile Include="CDTest002.cpp">
      <Filter>Source Files</Filter>
    </ClCompile>
    <ClCompile Include="CDTest002Doc.cpp">
      <Filter>Source Files</Filter>
    </ClCompile>
    <ClCompile Include="CDTest002View.cpp">
      <Filter>Source Files</Filter>
    </ClCompile>
    <ClCompile Include="CMDlg.cpp">
      <Filter>Source Files</Filter>
    </ClCompile>
    <ClCompile Include="CMDlg2.cpp">
      <Filter>Source Files</Filter>
    </ClCompile>
    <ClCompile Include="CMDlg3.cpp">
      <Filter>Source Files</Filter>
    </ClCompile>
    <ClCompile Include="CMDlg4.cpp">
      <Filter>Source Files</Filter>
    </ClCompile>
    <ClCompile Include="MainFrm.cpp">
      <Filter>Source Files</Filter>
    </ClCompile>
    <ClCompile Include="StdAfx.cpp">
      <Filter>Source Files</Filter>
    </ClCompile>
  </ItemGroup>
  <ItemGroup>
    <ResourceCompile Include="CDTest002.rc">
      <Filter>Source Files</Filter>
    </ResourceCompile>
  </ItemGroup>
  <ItemGroup>
    <ClInclude Include="CDTest002.h">
      <Filter>Header Files</Filter>
    </ClInclude>
    <ClInclude Include="CDTest002Doc.h">
      <Filter>Header Files</Filter>
    </ClInclude>
    <ClInclude Include="CDTest002View.h">
      <Filter>Header Files</Filter>
    </ClInclude>
    <ClInclude Include="CMDlg.h">
      <Filter>Header Files</Filter>
    </ClInclude>
    <ClInclude Include="CMDlg2.h">
      <Filter>Header Files</Filter>
    </ClInclude>
    <ClInclude Include="CMDlg3.h">
      <Filter>Header Files</Filter>
    </ClInclude>
    <ClInclude Include="CMDlg4.h">
      <Filter>Header Files</Filter>
    </ClInclude>
    <ClInclude Include="MainFrm.h">
      <Filter>Header Files</Filter>
    </ClInclude>
    <ClInclude Include="Resource.h">
      <Filter>Header Files</Filter>
    </ClInclude>
    <ClInclude Include="StdAfx.h">
      <Filter>Header Files</Filter>
    </ClInclude>
  </ItemGroup>
  <ItemGroup>
    <Image Include="res\CDTest002.ico">
      <Filter>Resource Files</Filter>
    </Image>
    <Image Include="res\CDTest002Doc.ico">
      <Filter>Resource Files</Filter>
    </Image>
    <Image Include="res\Toolbar.bmp">
      <Filter>Resource Files</Filter>
    </Image>
  </ItemGroup>
  <ItemGroup>
    <Text Include="ReadMe.txt" />
  </ItemGroup>
  <ItemGroup>
    <CustomBuild Include="res\CDTest002.rc2">
      <Filter>Resource Files</Filter>
    </CustomBuild>
  </ItemGroup>
</Project>